
Microsoft Visual Studio Solution File, Format Version 12.00
# Visual Studio Version 18
VisualStudioVersion = 18.5.11605.296
MinimumVisualStudioVersion = 10.0.40219.1
Project("{FAE04EC0-301F-11D3-BF4B-00C04F79EFBC}") = "AmlaDeveloperAssistantApp", "AmlaDeveloperAssistantApp\AmlaDeveloperAssistantApp.csproj", "{C2BAAA1A-8B0A-E583-515B-54DCFFE99077}"
EndProject
Project("{2150E333-8FDC-42A3-9474-1A3956D46DE8}") = "Solution Items", "Solution Items", "{260ECBC5-11CD-4B38-AFBD-38A07B3D6E45}"
	ProjectSection(SolutionItems) = preProject
		.editorconfig = .editorconfig
	EndProjectSection
EndProject
Global
	GlobalSection(SolutionConfigurationPlatforms) = preSolution
		Debug|Any CPU = Debug|Any CPU
		Release|Any CPU = Release|Any CPU
	EndGlobalSection
	GlobalSection(ProjectConfigurationPlatforms) = postSolution
		{C2BAAA1A-8B0A-E583-515B-54DCFFE99077}.Debug|Any CPU.ActiveCfg = Debug|Any CPU
		{C2BAAA1A-8B0A-E583-515B-54DCFFE99077}.Debug|Any CPU.Build.0 = Debug|Any CPU
		{C2BAAA1A-8B0A-E583-515B-54DCFFE99077}.Release|Any CPU.ActiveCfg = Release|Any CPU
		{C2BAAA1A-8B0A-E583-515B-54DCFFE99077}.Release|Any CPU.Build.0 = Release|Any CPU
	EndGlobalSection
	GlobalSection(SolutionProperties) = preSolution
		HideSolutionNode = FALSE
	EndGlobalSection
	GlobalSection(ExtensibilityGlobals) = postSolution
		SolutionGuid = {06AD5230-9D2A-4C63-ADD4-77A6201CA973}
	EndGlobalSection
EndGlobal
